// !$*UTF8*$!
{
	archiveVersion = 1;
	classes = {
	};
	objectVersion = 50;
	objects = {

/* Begin PBXBuildFile section */
		6B11F8DF243CC1CE00C586AE /* AppDelegate.swift in Sources */ = {isa = PBXBuildFile; fileRef = 6B11F8DE243CC1CE00C586AE /* AppDelegate.swift */; };
		6B11F8E1243CC1CE00C586AE /* SceneDelegate.swift in Sources */ = {isa = PBXBuildFile; fileRef = 6B11F8E0243CC1CE00C586AE /* SceneDelegate.swift */; };
		6B11F8E6243CC1CE00C586AE /* Main.storyboard in Resources */ = {isa = PBXBuildFile; fileRef = 6B11F8E4243CC1CE00C586AE /* Main.storyboard */; };
		6B11F8E8243CC1D300C586AE /* Assets.xcassets in Resources */ = {isa = PBXBuildFile; fileRef = 6B11F8E7243CC1D300C586AE /* Assets.xcassets */; };
		6B11F8EB243CC1D300C586AE /* LaunchScreen.storyboard in Resources */ = {isa = PBXBuildFile; fileRef = 6B11F8E9243CC1D300C586AE /* LaunchScreen.storyboard */; };
		6B11F8F3243CC6EA00C586AE /* SettingsViewController.swift in Sources */ = {isa = PBXBuildFile; fileRef = 6B11F8F2243CC6EA00C586AE /* SettingsViewController.swift */; };
		6B11F8F5243CC86900C586AE /* WelcomeViewController.swift in Sources */ = {isa = PBXBuildFile; fileRef = 6B11F8F4243CC86900C586AE /* WelcomeViewController.swift */; };
		6BAA298E243CCA0300560F8E /* Settings.swift in Sources */ = {isa = PBXBuildFile; fileRef = 6BAA298D243CCA0300560F8E /* Settings.swift */; };
/* End PBXBuildFile section */

/* Begin PBXFileReference section */
		6B11F8DB243CC1CE00C586AE /* KVO-Project.app */ = {isa = PBXFileReference; explicitFileType = wrapper.application; includeInIndex = 0; path = "KVO-Project.app"; sourceTree = BUILT_PRODUCTS_DIR; };
		6B11F8DE243CC1CE00C586AE /* AppDelegate.swift */ = {isa = PBXFileReference; lastKnownFileType = sourcecode.swift; path = AppDelegate.swift; sourceTree = "<group>"; };
		6B11F8E0243CC1CE00C586AE /* SceneDelegate.swift */ = {isa = PBXFileReference; lastKnownFileType = sourcecode.swift; path = SceneDelegate.swift; sourceTree = "<group>"; };
		6B11F8E5243CC1CE00C586AE /* Base */ = {isa = PBXFileReference; lastKnownFileType = file.storyboard; name = Base; path = Base.lproj/Main.storyboard; sourceTree = "<group>"; };
		6B11F8E7243CC1D300C586AE /* Assets.xcassets */ = {isa = PBXFileReference; lastKnownFileType = folder.assetcatalog; path = Assets.xcassets; sourceTree = "<group>"; };
		6B11F8EA243CC1D300C586AE /* Base */ = {isa = PBXFileReference; lastKnownFileType = file.storyboard; name = Base; path = Base.lproj/LaunchScreen.storyboard; sourceTree = "<group>"; };
		6B11F8EC243CC1D300C586AE /* Info.plist */ = {isa = PBXFileReference; lastKnownFileType = text.plist.xml; path = Info.plist; sourceTree = "<group>"; };
		6B11F8F2243CC6EA00C586AE /* SettingsViewController.swift */ = {isa = PBXFileReference; lastKnownFileType = sourcecode.swift; path = SettingsViewController.swift; sourceTree = "<group>"; };
		6B11F8F4243CC86900C586AE /* WelcomeViewController.swift */ = {isa = PBXFileReference; lastKnownFileType = sourcecode.swift; path = WelcomeViewController.swift; sourceTree = "<group>"; };
		6BAA298D243CCA0300560F8E /* Settings.swift */ = {isa = PBXFileReference; lastKnownFileType = sourcecode.swift; path = Settings.swift; sourceTree = "<group>"; };
/* End PBXFileReference section */

/* Begin PBXFrameworksBuildPhase section */
		6B11F8D8243CC1CE00C586AE /* Frameworks */ = {
			isa = PBXFrameworksBuildPhase;
			buildActionMask = 2147483647;
			files = (
			);
			runOnlyForDeploymentPostprocessing = 0;
		};
/* End PBXFrameworksBuildPhase section */

/* Begin PBXGroup section */
		6B11F8D2243CC1CE00C586AE = {
			isa = PBXGroup;
			children = (
				6B11F8DD243CC1CE00C586AE /* KVO-Project */,
				6B11F8DC243CC1CE00C586AE /* Products */,
			);
			sourceTree = "<group>";
		};
		6B11F8DC243CC1CE00C586AE /* Products */ = {
			isa = PBXGroup;
			children = (
				6B11F8DB243CC1CE00C586AE /* KVO-Project.app */,
			);
			name = Products;
			sourceTree = "<group>";
		};
		6B11F8DD243CC1CE00C586AE /* KVO-Project */ = {
			isa = PBXGroup;
			children = (
				6B11F8DE243CC1CE00C586AE /* AppDelegate.swift */,
				6B11F8E0243CC1CE00C586AE /* SceneDelegate.swift */,
				6B11F8E4243CC1CE00C586AE /* Main.storyboard */,
				6B11F8F4243CC86900C586AE /* WelcomeViewController.swift */,
				6BAA298D243CCA0300560F8E /* Settings.swift */,
				6B11F8F2243CC6EA00C586AE /* SettingsViewController.swift */,
				6B11F8E7243CC1D300C586AE /* Assets.xcassets */,
				6B11F8E9243CC1D300C586AE /* LaunchScreen.storyboard */,
				6B11F8EC243CC1D300C586AE /* Info.plist */,
			);
			path = "KVO-Project";
			sourceTree = "<group>";
		};
/* End PBXGroup section */

/* Begin PBXNativeTarget section */
		6B11F8DA243CC1CE00C586AE /* KVO-Project */ = {
			isa = PBXNativeTarget;
			buildConfigurationList = 6B11F8EF243CC1D300C586AE /* Build configuration list for PBXNativeTarget "KVO-Project" */;
			buildPhases = (
				6B11F8D7243CC1CE00C586AE /* Sources */,
				6B11F8D8243CC1CE00C586AE /* Frameworks */,
				6B11F8D9243CC1CE00C586AE /* Resources */,
			);
			buildRules = (
			);
			dependencies = (
			);
			name = "KVO-Project";
			productName = "KVO-Project";
			productReference = 6B11F8DB243CC1CE00C586AE /* KVO-Project.app */;
			productType = "com.apple.product-type.application";
		};
/* End PBXNativeTarget section */

/* Begin PBXProject section */
		6B11F8D3243CC1CE00C586AE /* Project object */ = {
			isa = PBXProject;
			attributes = {
				LastSwiftUpdateCheck = 1120;
				LastUpgradeCheck = 1120;
				ORGANIZATIONNAME = "Chelsi Christmas";
				TargetAttributes = {
					6B11F8DA243CC1CE00C586AE = {
						CreatedOnToolsVersion = 11.2;
					};
				};
			};
			buildConfigurationList = 6B11F8D6243CC1CE00C586AE /* Build configuration list for PBXProject "KVO-Project" */;
			compatibilityVersion = "Xcode 9.3";
			developmentRegion = en;
			hasScannedForEncodings = 0;
			knownRegions = (
				en,
				Base,
			);
			mainGroup = 6B11F8D2243CC1CE00C586AE;
			productRefGroup = 6B11F8DC243CC1CE00C586AE /* Products */;
			projectDirPath = "";
			projectRoot = "";
			targets = (
				6B11F8DA243CC1CE00C586AE /* KVO-Project */,
			);
		};
/* End PBXProject section */

/* Begin PBXResourcesBuildPhase section */
		6B11F8D9243CC1CE00C586AE /* Resources */ = {
			isa = PBXResourcesBuildPhase;
			buildActionMask = 2147483647;
			files = (
				6B11F8EB243CC1D300C586AE /* LaunchScreen.storyboard in Resources */,
				6B11F8E8243CC1D300C586AE /* Assets.xcassets in Resources */,
				6B11F8E6243CC1CE00C586AE /* Main.storyboard in Resources */,
			);
			runOnlyForDeploymentPostprocessing = 0;
		};
/* End PBXResourcesBuildPhase section */

/* Begin PBXSourcesBuildPhase section */
		6B11F8D7243CC1CE00C586AE /* Sources */ = {
			isa = PBXSourcesBuildPhase;
			buildActionMask = 2147483647;
			files = (
				6B11F8DF243CC1CE00C586AE /* AppDelegate.swift in Sources */,
				6B11F8F5243CC86900C586AE /* WelcomeViewController.swift in Sources */,
				6B11F8E1243CC1CE00C586AE /* SceneDelegate.swift in Sources */,
				6B11F8F3243CC6EA00C586AE /* SettingsViewController.swift in Sources */,
				6BAA298E243CCA0300560F8E /* Settings.swift in Sources */,
			);
			runOnlyForDeploymentPostprocessing = 0;
		};
/* End PBXSourcesBuildPhase section */

/* Begin PBXVariantGroup section */
		6B11F8E4243CC1CE00C586AE /* Main.storyboard */ = {
			isa = PBXVariantGroup;
			children = (
				6B11F8E5243CC1CE00C586AE /* Base */,
			);
			name = Main.storyboard;
			sourceTree = "<group>";
		};
		6B11F8E9243CC1D300C586AE /* LaunchScreen.storyboard */ = {
			isa = PBXVariantGroup;
			children = (
				6B11F8EA243CC1D300C586AE /* Base */,
			);
			name = LaunchScreen.storyboard;
			sourceTree = "<group>";
		};
/* End PBXVariantGroup section */

/* Begin XCBuildConfiguration section */
		6B11F8ED243CC1D300C586AE /* Debug */ = {
			isa = XCBuildConfiguration;
			buildSettings = {
				ALWAYS_SEARCH_USER_PATHS = NO;
				CLANG_ANALYZER_NONNULL = YES;
				CLANG_ANALYZER_NUMBER_OBJECT_CONVERSION = YES_AGGRESSIVE;
				CLANG_CXX_LANGUAGE_STANDARD = "gnu++14";
				CLANG_CXX_LIBRARY = "libc++";
				CLANG_ENABLE_MODULES = YES;
				CLANG_ENABLE_OBJC_ARC = YES;
				CLANG_ENABLE_OBJC_WEAK = YES;
				CLANG_WARN_BLOCK_CAPTURE_AUTORELEASING = YES;
				CLANG_WARN_BOOL_CONVERSION = YES;
				CLANG_WARN_COMMA = YES;
				CLANG_WARN_CONSTANT_CONVERSION = YES;
				CLANG_WARN_DEPRECATED_OBJC_IMPLEMENTATIONS = YES;
				CLANG_WARN_DIRECT_OBJC_ISA_USAGE = YES_ERROR;
				CLANG_WARN_DOCUMENTATION_COMMENTS = YES;
				CLANG_WARN_EMPTY_BODY = YES;
				CLANG_WARN_ENUM_CONVERSION = YES;
				CLANG_WARN_INFINITE_RECURSION = YES;
				CLANG_WARN_INT_CONVERSION = YES;
				CLANG_WARN_NON_LITERAL_NULL_CONVERSION = YES;
				CLANG_WARN_OBJC_IMPLICIT_RETAIN_SELF = YES;
				CLANG_WARN_OBJC_LITERAL_CONVERSION = YES;
				CLANG_WARN_OBJC_ROOT_CLASS = YES_ERROR;
				CLANG_WARN_RANGE_LOOP_ANALYSIS = YES;
				CLANG_WARN_STRICT_PROTOTYPES = YES;
				CLANG_WARN_SUSPICIOUS_MOVE = YES;
				CLANG_WARN_UNGUARDED_AVAILABILITY = YES_AGGRESSIVE;
				CLANG_WARN_UNREACHABLE_CODE = YES;
				CLANG_WARN__DUPLICATE_METHOD_MATCH = YES;
				COPY_PHASE_STRIP = NO;
				DEBUG_INFORMATION_FORMAT = dwarf;
				ENABLE_STRICT_OBJC_MSGSEND = YES;
				ENABLE_TESTABILITY = YES;
				GCC_C_LANGUAGE_STANDARD = gnu11;
				GCC_DYNAMIC_NO_PIC = NO;
				GCC_NO_COMMON_BLOCKS = YES;
				GCC_OPTIMIZATION_LEVEL = 0;
				GCC_PREPROCESSOR_DEFINITIONS = (
					"DEBUG=1",
					"$(inherited)",
				);
				GCC_WARN_64_TO_32_BIT_CONVERSION = YES;
				GCC_WARN_ABOUT_RETURN_TYPE = YES_ERROR;
				GCC_WARN_UNDECLARED_SELECTOR = YES;
				GCC_WARN_UNINITIALIZED_AUTOS = YES_AGGRESSIVE;
				GCC_WARN_UNUSED_FUNCTION = YES;
				GCC_WARN_UNUSED_VARIABLE = YES;
				IPHONEOS_DEPLOYMENT_TARGET = 13.2;
				MTL_ENABLE_DEBUG_INFO = INCLUDE_SOURCE;
				MTL_FAST_MATH = YES;
				ONLY_ACTIVE_ARCH = YES;
				SDKROOT = iphoneos;
				SWIFT_ACTIVE_COMPILATION_CONDITIONS = DEBUG;
				SWIFT_OPTIMIZATION_LEVEL = "-Onone";
			};
			name = Debug;
		};
		6B11F8EE243CC1D300C586AE /* Release */ = {
			isa = XCBuildConfiguration;
			buildSettings = {
				ALWAYS_SEARCH_USER_PATHS = NO;
				CLANG_ANALYZER_NONNULL = YES;
				CLANG_ANALYZER_NUMBER_OBJECT_CONVERSION = YES_AGGRESSIVE;
				CLANG_CXX_LANGUAGE_STANDARD = "gnu++14";
				CLANG_CXX_LIBRARY = "libc++";
				CLANG_ENABLE_MODULES = YES;
				CLANG_ENABLE_OBJC_ARC = YES;
				CLANG_ENABLE_OBJC_WEAK = YES;
				CLANG_WARN_BLOCK_CAPTURE_AUTORELEASING = YES;
				CLANG_WARN_BOOL_CONVERSION = YES;
				CLANG_WARN_COMMA = YES;
				CLANG_WARN_CONSTANT_CONVERSION = YES;
				CLANG_WARN_DEPRECATED_OBJC_IMPLEMENTATIONS = YES;
				CLANG_WARN_DIRECT_OBJC_ISA_USAGE = YES_ERROR;
				CLANG_WARN_DOCUMENTATION_COMMENTS = YES;
				CLANG_WARN_EMPTY_BODY = YES;
				CLANG_WARN_ENUM_CONVERSION = YES;
				CLANG_WARN_INFINITE_RECURSION = YES;
				CLANG_WARN_INT_CONVERSION = YES;
				CLANG_WARN_NON_LITERAL_NULL_CONVERSION = YES;
				CLANG_WARN_OBJC_IMPLICIT_RETAIN_SELF = YES;
				CLANG_WARN_OBJC_LITERAL_CONVERSION = YES;
				CLANG_WARN_OBJC_ROOT_CLASS = YES_ERROR;
				CLANG_WARN_RANGE_LOOP_ANALYSIS = YES;
				CLANG_WARN_STRICT_PROTOTYPES = YES;
				CLANG_WARN_SUSPICIOUS_MOVE = YES;
				CLANG_WARN_UNGUARDED_AVAILABILITY = YES_AGGRESSIVE;
				CLANG_WARN_UNREACHABLE_CODE = YES;
				CLANG_WARN__DUPLICATE_METHOD_MATCH = YES;
				COPY_PHASE_STRIP = NO;
				DEBUG_INFORMATION_FORMAT = "dwarf-with-dsym";
				ENABLE_NS_ASSERTIONS = NO;
				ENABLE_STRICT_OBJC_MSGSEND = YES;
				GCC_C_LANGUAGE_STANDARD = gnu11;
				GCC_NO_COMMON_BLOCKS = YES;
				GCC_WARN_64_TO_32_BIT_CONVERSION = YES;
				GCC_WARN_ABOUT_RETURN_TYPE = YES_ERROR;
				GCC_WARN_UNDECLARED_SELECTOR = YES;
				GCC_WARN_UNINITIALIZED_AUTOS = YES_AGGRESSIVE;
				GCC_WARN_UNUSED_FUNCTION = YES;
				GCC_WARN_UNUSED_VARIABLE = YES;
				IPHONEOS_DEPLOYMENT_TARGET = 13.2;
				MTL_ENABLE_DEBUG_INFO = NO;
				MTL_FAST_MATH = YES;
				SDKROOT = iphoneos;
				SWIFT_COMPILATION_MODE = wholemodule;
				SWIFT_OPTIMIZATION_LEVEL = "-O";
				VALIDATE_PRODUCT = YES;
			};
			name = Release;
		};
		6B11F8F0243CC1D300C586AE /* Debug */ = {
			isa = XCBuildConfiguration;
			buildSettings = {
				ASSETCATALOG_COMPILER_APPICON_NAME = AppIcon;
				CODE_SIGN_STYLE = Automatic;
				DEVELOPMENT_TEAM = YC2567VA38;
				INFOPLIST_FILE = "KVO-Project/Info.plist";
				LD_RUNPATH_SEARCH_PATHS = (
					"$(inherited)",
					"@executable_path/Frameworks",
				);
				PRODUCT_BUNDLE_IDENTIFIER = "com.ChelsiChristmas.KVO-Project";
				PRODUCT_NAME = "$(TARGET_NAME)";
				SWIFT_VERSION = 5.0;
				TARGETED_DEVICE_FAMILY = "1,2";
			};
			name = Debug;
		};
		6B11F8F1243CC1D300C586AE /* Release */ = {
			isa = XCBuildConfiguration;
			buildSettings = {
				ASSETCATALOG_COMPILER_APPICON_NAME = AppIcon;
				CODE_SIGN_STYLE = Automatic;
				DEVELOPMENT_TEAM = YC2567VA38;
				INFOPLIST_FILE = "KVO-Project/Info.plist";
				LD_RUNPATH_SEARCH_PATHS = (
					"$(inherited)",
					"@executable_path/Frameworks",
				);
				PRODUCT_BUNDLE_IDENTIFIER = "com.ChelsiChristmas.KVO-Project";
				PRODUCT_NAME = "$(TARGET_NAME)";
				SWIFT_VERSION = 5.0;
				TARGETED_DEVICE_FAMILY = "1,2";
			};
			name = Release;
		};
/* End XCBuildConfiguration section */

/* Begin XCConfigurationList section */
		6B11F8D6243CC1CE00C586AE /* Build configuration list for PBXProject "KVO-Project" */ = {
			isa = XCConfigurationList;
			buildConfigurations = (
				6B11F8ED243CC1D300C586AE /* Debug */,
				6B11F8EE243CC1D300C586AE /* Release */,
			);
			defaultConfigurationIsVisible = 0;
			defaultConfigurationName = Release;
		};
		6B11F8EF243CC1D300C586AE /* Build configuration list for PBXNativeTarget "KVO-Project" */ = {
			isa = XCConfigurationList;
			buildConfigurations = (
				6B11F8F0243CC1D300C586AE /* Debug */,
				6B11F8F1243CC1D300C586AE /* Release */,
			);
			defaultConfigurationIsVisible = 0;
			defaultConfigurationName = Release;
		};
/* End XCConfigurationList section */
	};
	rootObject = 6B11F8D3243CC1CE00C586AE /* Project object */;
}
